// !$*UTF8*$!
{
	archiveVersion = 1;
	classes = {
	};
	objectVersion = 56;
	objects = {

/* Begin PBXBuildFile section */
		FA7B4D5C29AA4D0C0051BDCD /* AppDelegate.swift in Sources */ = {isa = PBXBuildFile; fileRef = FA7B4D5B29AA4D0C0051BDCD /* AppDelegate.swift */; };
		FA7B4D5E29AA4D0C0051BDCD /* SceneDelegate.swift in Sources */ = {isa = PBXBuildFile; fileRef = FA7B4D5D29AA4D0C0051BDCD /* SceneDelegate.swift */; };
		FA7B4D6029AA4D0C0051BDCD /* ViewController.swift in Sources */ = {isa = PBXBuildFile; fileRef = FA7B4D5F29AA4D0C0051BDCD /* ViewController.swift */; };
		FA7B4D6329AA4D0C0051BDCD /* Main.storyboard in Resources */ = {isa = PBXBuildFile; fileRef = FA7B4D6129AA4D0C0051BDCD /* Main.storyboard */; };
		FA7B4D6629AA4D0C0051BDCD /* _29__Using_source_control_in_Xcode_2.xcdatamodeld in Sources */ = {isa = PBXBuildFile; fileRef = FA7B4D6429AA4D0C0051BDCD /* _29__Using_source_control_in_Xcode_2.xcdatamodeld */; };
		FA7B4D6829AA4D0D0051BDCD /* Assets.xcassets in Resources */ = {isa = PBXBuildFile; fileRef = FA7B4D6729AA4D0D0051BDCD /* Assets.xcassets */; };
		FA7B4D6B29AA4D0D0051BDCD /* LaunchScreen.storyboard in Resources */ = {isa = PBXBuildFile; fileRef = FA7B4D6929AA4D0D0051BDCD /* LaunchScreen.storyboard */; };
		FA7B4D7629AA4D0E0051BDCD /* _29__Using_source_control_in_Xcode_2Tests.swift in Sources */ = {isa = PBXBuildFile; fileRef = FA7B4D7529AA4D0E0051BDCD /* _29__Using_source_control_in_Xcode_2Tests.swift */; };
		FA7B4D8029AA4D0E0051BDCD /* _29__Using_source_control_in_Xcode_2UITests.swift in Sources */ = {isa = PBXBuildFile; fileRef = FA7B4D7F29AA4D0E0051BDCD /* _29__Using_source_control_in_Xcode_2UITests.swift */; };
		FA7B4D8229AA4D0E0051BDCD /* _29__Using_source_control_in_Xcode_2UITestsLaunchTests.swift in Sources */ = {isa = PBXBuildFile; fileRef = FA7B4D8129AA4D0E0051BDCD /* _29__Using_source_control_in_Xcode_2UITestsLaunchTests.swift */; };
/* End PBXBuildFile section */

/* Begin PBXContainerItemProxy section */
		FA7B4D7229AA4D0E0051BDCD /* PBXContainerItemProxy */ = {
			isa = PBXContainerItemProxy;
			containerPortal = FA7B4D5029AA4D0C0051BDCD /* Project object */;
			proxyType = 1;
			remoteGlobalIDString = FA7B4D5729AA4D0C0051BDCD;
			remoteInfo = "229. Using source control in Xcode 2";
		};
		FA7B4D7C29AA4D0E0051BDCD /* PBXContainerItemProxy */ = {
			isa = PBXContainerItemProxy;
			containerPortal = FA7B4D5029AA4D0C0051BDCD /* Project object */;
			proxyType = 1;
			remoteGlobalIDString = FA7B4D5729AA4D0C0051BDCD;
			remoteInfo = "229. Using source control in Xcode 2";
		};
/* End PBXContainerItemProxy section */

/* Begin PBXFileReference section */
		FA7B4D5829AA4D0C0051BDCD /* 229. Using source control in Xcode 2.app */ = {isa = PBXFileReference; explicitFileType = wrapper.application; includeInIndex = 0; path = "229. Using source control in Xcode 2.app"; sourceTree = BUILT_PRODUCTS_DIR; };
		FA7B4D5B29AA4D0C0051BDCD /* AppDelegate.swift */ = {isa = PBXFileReference; lastKnownFileType = sourcecode.swift; path = AppDelegate.swift; sourceTree = "<group>"; };
		FA7B4D5D29AA4D0C0051BDCD /* SceneDelegate.swift */ = {isa = PBXFileReference; lastKnownFileType = sourcecode.swift; path = SceneDelegate.swift; sourceTree = "<group>"; };
		FA7B4D5F29AA4D0C0051BDCD /* ViewController.swift */ = {isa = PBXFileReference; lastKnownFileType = sourcecode.swift; path = ViewController.swift; sourceTree = "<group>"; };
		FA7B4D6229AA4D0C0051BDCD /* Base */ = {isa = PBXFileReference; lastKnownFileType = file.storyboard; name = Base; path = Base.lproj/Main.storyboard; sourceTree = "<group>"; };
		FA7B4D6529AA4D0C0051BDCD /* _29__Using_source_control_in_Xcode_2.xcdatamodel */ = {isa = PBXFileReference; lastKnownFileType = wrapper.xcdatamodel; path = _29__Using_source_control_in_Xcode_2.xcdatamodel; sourceTree = "<group>"; };
		FA7B4D6729AA4D0D0051BDCD /* Assets.xcassets */ = {isa = PBXFileReference; lastKnownFileType = folder.assetcatalog; path = Assets.xcassets; sourceTree = "<group>"; };
		FA7B4D6A29AA4D0D0051BDCD /* Base */ = {isa = PBXFileReference; lastKnownFileType = file.storyboard; name = Base; path = Base.lproj/LaunchScreen.storyboard; sourceTree = "<group>"; };
		FA7B4D6C29AA4D0D0051BDCD /* Info.plist */ = {isa = PBXFileReference; lastKnownFileType = text.plist.xml; path = Info.plist; sourceTree = "<group>"; };
		FA7B4D7129AA4D0E0051BDCD /* 229. Using source control in Xcode 2Tests.xctest */ = {isa = PBXFileReference; explicitFileType = wrapper.cfbundle; includeInIndex = 0; path = "229. Using source control in Xcode 2Tests.xctest"; sourceTree = BUILT_PRODUCTS_DIR; };
		FA7B4D7529AA4D0E0051BDCD /* _29__Using_source_control_in_Xcode_2Tests.swift */ = {isa = PBXFileReference; lastKnownFileType = sourcecode.swift; path = _29__Using_source_control_in_Xcode_2Tests.swift; sourceTree = "<group>"; };
		FA7B4D7B29AA4D0E0051BDCD /* 229. Using source control in Xcode 2UITests.xctest */ = {isa = PBXFileReference; explicitFileType = wrapper.cfbundle; includeInIndex = 0; path = "229. Using source control in Xcode 2UITests.xctest"; sourceTree = BUILT_PRODUCTS_DIR; };
		FA7B4D7F29AA4D0E0051BDCD /* _29__Using_source_control_in_Xcode_2UITests.swift */ = {isa = PBXFileReference; lastKnownFileType = sourcecode.swift; path = _29__Using_source_control_in_Xcode_2UITests.swift; sourceTree = "<group>"; };
		FA7B4D8129AA4D0E0051BDCD /* _29__Using_source_control_in_Xcode_2UITestsLaunchTests.swift */ = {isa = PBXFileReference; lastKnownFileType = sourcecode.swift; path = _29__Using_source_control_in_Xcode_2UITestsLaunchTests.swift; sourceTree = "<group>"; };
/* End PBXFileReference section */

/* Begin PBXFrameworksBuildPhase section */
		FA7B4D5529AA4D0C0051BDCD /* Frameworks */ = {
			isa = PBXFrameworksBuildPhase;
			buildActionMask = 2147483647;
			files = (
			);
			runOnlyForDeploymentPostprocessing = 0;
		};
		FA7B4D6E29AA4D0E0051BDCD /* Frameworks */ = {
			isa = PBXFrameworksBuildPhase;
			buildActionMask = 2147483647;
			files = (
			);
			runOnlyForDeploymentPostprocessing = 0;
		};
		FA7B4D7829AA4D0E0051BDCD /* Frameworks */ = {
			isa = PBXFrameworksBuildPhase;
			buildActionMask = 2147483647;
			files = (
			);
			runOnlyForDeploymentPostprocessing = 0;
		};
/* End PBXFrameworksBuildPhase section */

/* Begin PBXGroup section */
		FA7B4D4F29AA4D0C0051BDCD = {
			isa = PBXGroup;
			children = (
				FA7B4D5A29AA4D0C0051BDCD /* 229. Using source control in Xcode 2 */,
				FA7B4D7429AA4D0E0051BDCD /* 229. Using source control in Xcode 2Tests */,
				FA7B4D7E29AA4D0E0051BDCD /* 229. Using source control in Xcode 2UITests */,
				FA7B4D5929AA4D0C0051BDCD /* Products */,
			);
			sourceTree = "<group>";
		};
		FA7B4D5929AA4D0C0051BDCD /* Products */ = {
			isa = PBXGroup;
			children = (
				FA7B4D5829AA4D0C0051BDCD /* 229. Using source control in Xcode 2.app */,
				FA7B4D7129AA4D0E0051BDCD /* 229. Using source control in Xcode 2Tests.xctest */,
				FA7B4D7B29AA4D0E0051BDCD /* 229. Using source control in Xcode 2UITests.xctest */,
			);
			name = Products;
			sourceTree = "<group>";
		};
		FA7B4D5A29AA4D0C0051BDCD /* 229. Using source control in Xcode 2 */ = {
			isa = PBXGroup;
			children = (
				FA7B4D5B29AA4D0C0051BDCD /* AppDelegate.swift */,
				FA7B4D5D29AA4D0C0051BDCD /* SceneDelegate.swift */,
				FA7B4D5F29AA4D0C0051BDCD /* ViewController.swift */,
				FA7B4D6129AA4D0C0051BDCD /* Main.storyboard */,
				FA7B4D6729AA4D0D0051BDCD /* Assets.xcassets */,
				FA7B4D6929AA4D0D0051BDCD /* LaunchScreen.storyboard */,
				FA7B4D6C29AA4D0D0051BDCD /* Info.plist */,
				FA7B4D6429AA4D0C0051BDCD /* _29__Using_source_control_in_Xcode_2.xcdatamodeld */,
			);
			path = "229. Using source control in Xcode 2";
			sourceTree = "<group>";
		};
		FA7B4D7429AA4D0E0051BDCD /* 229. Using source control in Xcode 2Tests */ = {
			isa = PBXGroup;
			children = (
				FA7B4D7529AA4D0E0051BDCD /* _29__Using_source_control_in_Xcode_2Tests.swift */,
			);
			path = "229. Using source control in Xcode 2Tests";
			sourceTree = "<group>";
		};
		FA7B4D7E29AA4D0E0051BDCD /* 229. Using source control in Xcode 2UITests */ = {
			isa = PBXGroup;
			children = (
				FA7B4D7F29AA4D0E0051BDCD /* _29__Using_source_control_in_Xcode_2UITests.swift */,
				FA7B4D8129AA4D0E0051BDCD /* _29__Using_source_control_in_Xcode_2UITestsLaunchTests.swift */,
			);
			path = "229. Using source control in Xcode 2UITests";
			sourceTree = "<group>";
		};
/* End PBXGroup section */

/* Begin PBXNativeTarget section */
		FA7B4D5729AA4D0C0051BDCD /* 229. Using source control in Xcode 2 */ = {
			isa = PBXNativeTarget;
			buildConfigurationList = FA7B4D8529AA4D0E0051BDCD /* Build configuration list for PBXNativeTarget "229. Using source control in Xcode 2" */;
			buildPhases = (
				FA7B4D5429AA4D0C0051BDCD /* Sources */,
				FA7B4D5529AA4D0C0051BDCD /* Frameworks */,
				FA7B4D5629AA4D0C0051BDCD /* Resources */,
			);
			buildRules = (
			);
			dependencies = (
			);
			name = "229. Using source control in Xcode 2";
			productName = "229. Using source control in Xcode 2";
			productReference = FA7B4D5829AA4D0C0051BDCD /* 229. Using source control in Xcode 2.app */;
			productType = "com.apple.product-type.application";
		};
		FA7B4D7029AA4D0E0051BDCD /* 229. Using source control in Xcode 2Tests */ = {
			isa = PBXNativeTarget;
			buildConfigurationList = FA7B4D8829AA4D0E0051BDCD /* Build configuration list for PBXNativeTarget "229. Using source control in Xcode 2Tests" */;
			buildPhases = (
				FA7B4D6D29AA4D0E0051BDCD /* Sources */,
				FA7B4D6E29AA4D0E0051BDCD /* Frameworks */,
				FA7B4D6F29AA4D0E0051BDCD /* Resources */,
			);
			buildRules = (
			);
			dependencies = (
				FA7B4D7329AA4D0E0051BDCD /* PBXTargetDependency */,
			);
			name = "229. Using source control in Xcode 2Tests";
			productName = "229. Using source control in Xcode 2Tests";
			productReference = FA7B4D7129AA4D0E0051BDCD /* 229. Using source control in Xcode 2Tests.xctest */;
			productType = "com.apple.product-type.bundle.unit-test";
		};
		FA7B4D7A29AA4D0E0051BDCD /* 229. Using source control in Xcode 2UITests */ = {
			isa = PBXNativeTarget;
			buildConfigurationList = FA7B4D8B29AA4D0E0051BDCD /* Build configuration list for PBXNativeTarget "229. Using source control in Xcode 2UITests" */;
			buildPhases = (
				FA7B4D7729AA4D0E0051BDCD /* Sources */,
				FA7B4D7829AA4D0E0051BDCD /* Frameworks */,
				FA7B4D7929AA4D0E0051BDCD /* Resources */,
			);
			buildRules = (
			);
			dependencies = (
				FA7B4D7D29AA4D0E0051BDCD /* PBXTargetDependency */,
			);
			name = "229. Using source control in Xcode 2UITests";
			productName = "229. Using source control in Xcode 2UITests";
			productReference = FA7B4D7B29AA4D0E0051BDCD /* 229. Using source control in Xcode 2UITests.xctest */;
			productType = "com.apple.product-type.bundle.ui-testing";
		};
/* End PBXNativeTarget section */

/* Begin PBXProject section */
		FA7B4D5029AA4D0C0051BDCD /* Project object */ = {
			isa = PBXProject;
			attributes = {
				BuildIndependentTargetsInParallel = 1;
				LastSwiftUpdateCheck = 1400;
				LastUpgradeCheck = 1400;
				TargetAttributes = {
					FA7B4D5729AA4D0C0051BDCD = {
						CreatedOnToolsVersion = 14.0.1;
					};
					FA7B4D7029AA4D0E0051BDCD = {
						CreatedOnToolsVersion = 14.0.1;
						TestTargetID = FA7B4D5729AA4D0C0051BDCD;
					};
					FA7B4D7A29AA4D0E0051BDCD = {
						CreatedOnToolsVersion = 14.0.1;
						TestTargetID = FA7B4D5729AA4D0C0051BDCD;
					};
				};
			};
			buildConfigurationList = FA7B4D5329AA4D0C0051BDCD /* Build configuration list for PBXProject "229. Using source control in Xcode 2" */;
			compatibilityVersion = "Xcode 14.0";
			developmentRegion = en;
			hasScannedForEncodings = 0;
			knownRegions = (
				en,
				Base,
			);
			mainGroup = FA7B4D4F29AA4D0C0051BDCD;
			productRefGroup = FA7B4D5929AA4D0C0051BDCD /* Products */;
			projectDirPath = "";
			projectRoot = "";
			targets = (
				FA7B4D5729AA4D0C0051BDCD /* 229. Using source control in Xcode 2 */,
				FA7B4D7029AA4D0E0051BDCD /* 229. Using source control in Xcode 2Tests */,
				FA7B4D7A29AA4D0E0051BDCD /* 229. Using source control in Xcode 2UITests */,
			);
		};
/* End PBXProject section */

/* Begin PBXResourcesBuildPhase section */
		FA7B4D5629AA4D0C0051BDCD /* Resources */ = {
			isa = PBXResourcesBuildPhase;
			buildActionMask = 2147483647;
			files = (
				FA7B4D6B29AA4D0D0051BDCD /* LaunchScreen.storyboard in Resources */,
				FA7B4D6829AA4D0D0051BDCD /* Assets.xcassets in Resources */,
				FA7B4D6329AA4D0C0051BDCD /* Main.storyboard in Resources */,
			);
			runOnlyForDeploymentPostprocessing = 0;
		};
		FA7B4D6F29AA4D0E0051BDCD /* Resources */ = {
			isa = PBXResourcesBuildPhase;
			buildActionMask = 2147483647;
			files = (
			);
			runOnlyForDeploymentPostprocessing = 0;
		};
		FA7B4D7929AA4D0E0051BDCD /* Resources */ = {
			isa = PBXResourcesBuildPhase;
			buildActionMask = 2147483647;
			files = (
			);
			runOnlyForDeploymentPostprocessing = 0;
		};
/* End PBXResourcesBuildPhase section */

/* Begin PBXSourcesBuildPhase section */
		FA7B4D5429AA4D0C0051BDCD /* Sources */ = {
			isa = PBXSourcesBuildPhase;
			buildActionMask = 2147483647;
			files = (
				FA7B4D6629AA4D0C0051BDCD /* _29__Using_source_control_in_Xcode_2.xcdatamodeld in Sources */,
				FA7B4D6029AA4D0C0051BDCD /* ViewController.swift in Sources */,
				FA7B4D5C29AA4D0C0051BDCD /* AppDelegate.swift in Sources */,
				FA7B4D5E29AA4D0C0051BDCD /* SceneDelegate.swift in Sources */,
			);
			runOnlyForDeploymentPostprocessing = 0;
		};
		FA7B4D6D29AA4D0E0051BDCD /* Sources */ = {
			isa = PBXSourcesBuildPhase;
			buildActionMask = 2147483647;
			files = (
				FA7B4D7629AA4D0E0051BDCD /* _29__Using_source_control_in_Xcode_2Tests.swift in Sources */,
			);
			runOnlyForDeploymentPostprocessing = 0;
		};
		FA7B4D7729AA4D0E0051BDCD /* Sources */ = {
			isa = PBXSourcesBuildPhase;
			buildActionMask = 2147483647;
			files = (
				FA7B4D8029AA4D0E0051BDCD /* _29__Using_source_control_in_Xcode_2UITests.swift in Sources */,
				FA7B4D8229AA4D0E0051BDCD /* _29__Using_source_control_in_Xcode_2UITestsLaunchTests.swift in Sources */,
			);
			runOnlyForDeploymentPostprocessing = 0;
		};
/* End PBXSourcesBuildPhase section */

/* Begin PBXTargetDependency section */
		FA7B4D7329AA4D0E0051BDCD /* PBXTargetDependency */ = {
			isa = PBXTargetDependency;
			target = FA7B4D5729AA4D0C0051BDCD /* 229. Using source control in Xcode 2 */;
			targetProxy = FA7B4D7229AA4D0E0051BDCD /* PBXContainerItemProxy */;
		};
		FA7B4D7D29AA4D0E0051BDCD /* PBXTargetDependency */ = {
			isa = PBXTargetDependency;
			target = FA7B4D5729AA4D0C0051BDCD /* 229. Using source control in Xcode 2 */;
			targetProxy = FA7B4D7C29AA4D0E0051BDCD /* PBXContainerItemProxy */;
		};
/* End PBXTargetDependency section */

/* Begin PBXVariantGroup section */
		FA7B4D6129AA4D0C0051BDCD /* Main.storyboard */ = {
			isa = PBXVariantGroup;
			children = (
				FA7B4D6229AA4D0C0051BDCD /* Base */,
			);
			name = Main.storyboard;
			sourceTree = "<group>";
		};
		FA7B4D6929AA4D0D0051BDCD /* LaunchScreen.storyboard */ = {
			isa = PBXVariantGroup;
			children = (
				FA7B4D6A29AA4D0D0051BDCD /* Base */,
			);
			name = LaunchScreen.storyboard;
			sourceTree = "<group>";
		};
/* End PBXVariantGroup section */

/* Begin XCBuildConfiguration section */
		FA7B4D8329AA4D0E0051BDCD /* Debug */ = {
			isa = XCBuildConfiguration;
			buildSettings = {
				ALWAYS_SEARCH_USER_PATHS = NO;
				CLANG_ANALYZER_NONNULL = YES;
				CLANG_ANALYZER_NUMBER_OBJECT_CONVERSION = YES_AGGRESSIVE;
				CLANG_CXX_LANGUAGE_STANDARD = "gnu++20";
				CLANG_ENABLE_MODULES = YES;
				CLANG_ENABLE_OBJC_ARC = YES;
				CLANG_ENABLE_OBJC_WEAK = YES;
				CLANG_WARN_BLOCK_CAPTURE_AUTORELEASING = YES;
				CLANG_WARN_BOOL_CONVERSION = YES;
				CLANG_WARN_COMMA = YES;
				CLANG_WARN_CONSTANT_CONVERSION = YES;
				CLANG_WARN_DEPRECATED_OBJC_IMPLEMENTATIONS = YES;
				CLANG_WARN_DIRECT_OBJC_ISA_USAGE = YES_ERROR;
				CLANG_WARN_DOCUMENTATION_COMMENTS = YES;
				CLANG_WARN_EMPTY_BODY = YES;
				CLANG_WARN_ENUM_CONVERSION = YES;
				CLANG_WARN_INFINITE_RECURSION = YES;
				CLANG_WARN_INT_CONVERSION = YES;
				CLANG_WARN_NON_LITERAL_NULL_CONVERSION = YES;
				CLANG_WARN_OBJC_IMPLICIT_RETAIN_SELF = YES;
				CLANG_WARN_OBJC_LITERAL_CONVERSION = YES;
				CLANG_WARN_OBJC_ROOT_CLASS = YES_ERROR;
				CLANG_WARN_QUOTED_INCLUDE_IN_FRAMEWORK_HEADER = YES;
				CLANG_WARN_RANGE_LOOP_ANALYSIS = YES;
				CLANG_WARN_STRICT_PROTOTYPES = YES;
				CLANG_WARN_SUSPICIOUS_MOVE = YES;
				CLANG_WARN_UNGUARDED_AVAILABILITY = YES_AGGRESSIVE;
				CLANG_WARN_UNREACHABLE_CODE = YES;
				CLANG_WARN__DUPLICATE_METHOD_MATCH = YES;
				COPY_PHASE_STRIP = NO;
				DEBUG_INFORMATION_FORMAT = dwarf;
				ENABLE_STRICT_OBJC_MSGSEND = YES;
				ENABLE_TESTABILITY = YES;
				GCC_C_LANGUAGE_STANDARD = gnu11;
				GCC_DYNAMIC_NO_PIC = NO;
				GCC_NO_COMMON_BLOCKS = YES;
				GCC_OPTIMIZATION_LEVEL = 0;
				GCC_PREPROCESSOR_DEFINITIONS = (
					"DEBUG=1",
					"$(inherited)",
				);
				GCC_WARN_64_TO_32_BIT_CONVERSION = YES;
				GCC_WARN_ABOUT_RETURN_TYPE = YES_ERROR;
				GCC_WARN_UNDECLARED_SELECTOR = YES;
				GCC_WARN_UNINITIALIZED_AUTOS = YES_AGGRESSIVE;
				GCC_WARN_UNUSED_FUNCTION = YES;
				GCC_WARN_UNUSED_VARIABLE = YES;
				IPHONEOS_DEPLOYMENT_TARGET = 16.0;
				MTL_ENABLE_DEBUG_INFO = INCLUDE_SOURCE;
				MTL_FAST_MATH = YES;
				ONLY_ACTIVE_ARCH = YES;
				SDKROOT = iphoneos;
				SWIFT_ACTIVE_COMPILATION_CONDITIONS = DEBUG;
				SWIFT_OPTIMIZATION_LEVEL = "-Onone";
			};
			name = Debug;
		};
		FA7B4D8429AA4D0E0051BDCD /* Release */ = {
			isa = XCBuildConfiguration;
			buildSettings = {
				ALWAYS_SEARCH_USER_PATHS = NO;
				CLANG_ANALYZER_NONNULL = YES;
				CLANG_ANALYZER_NUMBER_OBJECT_CONVERSION = YES_AGGRESSIVE;
				CLANG_CXX_LANGUAGE_STANDARD = "gnu++20";
				CLANG_ENABLE_MODULES = YES;
				CLANG_ENABLE_OBJC_ARC = YES;
				CLANG_ENABLE_OBJC_WEAK = YES;
				CLANG_WARN_BLOCK_CAPTURE_AUTORELEASING = YES;
				CLANG_WARN_BOOL_CONVERSION = YES;
				CLANG_WARN_COMMA = YES;
				CLANG_WARN_CONSTANT_CONVERSION = YES;
				CLANG_WARN_DEPRECATED_OBJC_IMPLEMENTATIONS = YES;
				CLANG_WARN_DIRECT_OBJC_ISA_USAGE = YES_ERROR;
				CLANG_WARN_DOCUMENTATION_COMMENTS = YES;
				CLANG_WARN_EMPTY_BODY = YES;
				CLANG_WARN_ENUM_CONVERSION = YES;
				CLANG_WARN_INFINITE_RECURSION = YES;
				CLANG_WARN_INT_CONVERSION = YES;
				CLANG_WARN_NON_LITERAL_NULL_CONVERSION = YES;
				CLANG_WARN_OBJC_IMPLICIT_RETAIN_SELF = YES;
				CLANG_WARN_OBJC_LITERAL_CONVERSION = YES;
				CLANG_WARN_OBJC_ROOT_CLASS = YES_ERROR;
				CLANG_WARN_QUOTED_INCLUDE_IN_FRAMEWORK_HEADER = YES;
				CLANG_WARN_RANGE_LOOP_ANALYSIS = YES;
				CLANG_WARN_STRICT_PROTOTYPES = YES;
				CLANG_WARN_SUSPICIOUS_MOVE = YES;
				CLANG_WARN_UNGUARDED_AVAILABILITY = YES_AGGRESSIVE;
				CLANG_WARN_UNREACHABLE_CODE = YES;
				CLANG_WARN__DUPLICATE_METHOD_MATCH = YES;
				COPY_PHASE_STRIP = NO;
				DEBUG_INFORMATION_FORMAT = "dwarf-with-dsym";
				ENABLE_NS_ASSERTIONS = NO;
				ENABLE_STRICT_OBJC_MSGSEND = YES;
				GCC_C_LANGUAGE_STANDARD = gnu11;
				GCC_NO_COMMON_BLOCKS = YES;
				GCC_WARN_64_TO_32_BIT_CONVERSION = YES;
				GCC_WARN_ABOUT_RETURN_TYPE = YES_ERROR;
				GCC_WARN_UNDECLARED_SELECTOR = YES;
				GCC_WARN_UNINITIALIZED_AUTOS = YES_AGGRESSIVE;
				GCC_WARN_UNUSED_FUNCTION = YES;
				GCC_WARN_UNUSED_VARIABLE = YES;
				IPHONEOS_DEPLOYMENT_TARGET = 16.0;
				MTL_ENABLE_DEBUG_INFO = NO;
				MTL_FAST_MATH = YES;
				SDKROOT = iphoneos;
				SWIFT_COMPILATION_MODE = wholemodule;
				SWIFT_OPTIMIZATION_LEVEL = "-O";
				VALIDATE_PRODUCT = YES;
			};
			name = Release;
		};
		FA7B4D8629AA4D0E0051BDCD /* Debug */ = {
			isa = XCBuildConfiguration;
			buildSettings = {
				ASSETCATALOG_COMPILER_APPICON_NAME = AppIcon;
				ASSETCATALOG_COMPILER_GLOBAL_ACCENT_COLOR_NAME = AccentColor;
				CODE_SIGN_STYLE = Automatic;
				CURRENT_PROJECT_VERSION = 1;
				DEVELOPMENT_TEAM = Z4PKJ57KTJ;
				GENERATE_INFOPLIST_FILE = YES;
				INFOPLIST_FILE = "229. Using source control in Xcode 2/Info.plist";
				INFOPLIST_KEY_UIApplicationSupportsIndirectInputEvents = YES;
				INFOPLIST_KEY_UILaunchStoryboardName = LaunchScreen;
				INFOPLIST_KEY_UIMainStoryboardFile = Main;
				INFOPLIST_KEY_UISupportedInterfaceOrientations_iPad = "UIInterfaceOrientationPortrait UIInterfaceOrientationPortraitUpsideDown UIInterfaceOrientationLandscapeLeft UIInterfaceOrientationLandscapeRight";
				INFOPLIST_KEY_UISupportedInterfaceOrientations_iPhone = "UIInterfaceOrientationPortrait UIInterfaceOrientationLandscapeLeft UIInterfaceOrientationLandscapeRight";
				LD_RUNPATH_SEARCH_PATHS = (
					"$(inherited)",
					"@executable_path/Frameworks",
				);
				MARKETING_VERSION = 1.0;
				PRODUCT_BUNDLE_IDENTIFIER = "com.valentin.-29--Using-source-control-in-Xcode-2";
				PRODUCT_NAME = "$(TARGET_NAME)";
				SWIFT_EMIT_LOC_STRINGS = YES;
				SWIFT_VERSION = 5.0;
				TARGETED_DEVICE_FAMILY = "1,2";
			};
			name = Debug;
		};
		FA7B4D8729AA4D0E0051BDCD /* Release */ = {
			isa = XCBuildConfiguration;
			buildSettings = {
				ASSETCATALOG_COMPILER_APPICON_NAME = AppIcon;
				ASSETCATALOG_COMPILER_GLOBAL_ACCENT_COLOR_NAME = AccentColor;
				CODE_SIGN_STYLE = Automatic;
				CURRENT_PROJECT_VERSION = 1;
				DEVELOPMENT_TEAM = Z4PKJ57KTJ;
				GENERATE_INFOPLIST_FILE = YES;
				INFOPLIST_FILE = "229. Using source control in Xcode 2/Info.plist";
				INFOPLIST_KEY_UIApplicationSupportsIndirectInputEvents = YES;
				INFOPLIST_KEY_UILaunchStoryboardName = LaunchScreen;
				INFOPLIST_KEY_UIMainStoryboardFile = Main;
				INFOPLIST_KEY_UISupportedInterfaceOrientations_iPad = "UIInterfaceOrientationPortrait UIInterfaceOrientationPortraitUpsideDown UIInterfaceOrientationLandscapeLeft UIInterfaceOrientationLandscapeRight";
				INFOPLIST_KEY_UISupportedInterfaceOrientations_iPhone = "UIInterfaceOrientationPortrait UIInterfaceOrientationLandscapeLeft UIInterfaceOrientationLandscapeRight";
				LD_RUNPATH_SEARCH_PATHS = (
					"$(inherited)",
					"@executable_path/Frameworks",
				);
				MARKETING_VERSION = 1.0;
				PRODUCT_BUNDLE_IDENTIFIER = "com.valentin.-29--Using-source-control-in-Xcode-2";
				PRODUCT_NAME = "$(TARGET_NAME)";
				SWIFT_EMIT_LOC_STRINGS = YES;
				SWIFT_VERSION = 5.0;
				TARGETED_DEVICE_FAMILY = "1,2";
			};
			name = Release;
		};
		FA7B4D8929AA4D0E0051BDCD /* Debug */ = {
			isa = XCBuildConfiguration;
			buildSettings = {
				ALWAYS_EMBED_SWIFT_STANDARD_LIBRARIES = YES;
				BUNDLE_LOADER = "$(TEST_HOST)";
				CODE_SIGN_STYLE = Automatic;
				CURRENT_PROJECT_VERSION = 1;
				DEVELOPMENT_TEAM = Z4PKJ57KTJ;
				GENERATE_INFOPLIST_FILE = YES;
				IPHONEOS_DEPLOYMENT_TARGET = 16.0;
				MARKETING_VERSION = 1.0;
				PRODUCT_BUNDLE_IDENTIFIER = "com.valentin.-29--Using-source-control-in-Xcode-2Tests";
				PRODUCT_NAME = "$(TARGET_NAME)";
				SWIFT_EMIT_LOC_STRINGS = NO;
				SWIFT_VERSION = 5.0;
				TARGETED_DEVICE_FAMILY = "1,2";
				TEST_HOST = "$(BUILT_PRODUCTS_DIR)/229. Using source control in Xcode 2.app/$(BUNDLE_EXECUTABLE_FOLDER_PATH)/229. Using source control in Xcode 2";
			};
			name = Debug;
		};
		FA7B4D8A29AA4D0E0051BDCD /* Release */ = {
			isa = XCBuildConfiguration;
			buildSettings = {
				ALWAYS_EMBED_SWIFT_STANDARD_LIBRARIES = YES;
				BUNDLE_LOADER = "$(TEST_HOST)";
				CODE_SIGN_STYLE = Automatic;
				CURRENT_PROJECT_VERSION = 1;
				DEVELOPMENT_TEAM = Z4PKJ57KTJ;
				GENERATE_INFOPLIST_FILE = YES;
				IPHONEOS_DEPLOYMENT_TARGET = 16.0;
				MARKETING_VERSION = 1.0;
				PRODUCT_BUNDLE_IDENTIFIER = "com.valentin.-29--Using-source-control-in-Xcode-2Tests";
				PRODUCT_NAME = "$(TARGET_NAME)";
				SWIFT_EMIT_LOC_STRINGS = NO;
				SWIFT_VERSION = 5.0;
				TARGETED_DEVICE_FAMILY = "1,2";
				TEST_HOST = "$(BUILT_PRODUCTS_DIR)/229. Using source control in Xcode 2.app/$(BUNDLE_EXECUTABLE_FOLDER_PATH)/229. Using source control in Xcode 2";
			};
			name = Release;
		};
		FA7B4D8C29AA4D0E0051BDCD /* Debug */ = {
			isa = XCBuildConfiguration;
			buildSettings = {
				ALWAYS_EMBED_SWIFT_STANDARD_LIBRARIES = YES;
				CODE_SIGN_STYLE = Automatic;
				CURRENT_PROJECT_VERSION = 1;
				DEVELOPMENT_TEAM = Z4PKJ57KTJ;
				GENERATE_INFOPLIST_FILE = YES;
				MARKETING_VERSION = 1.0;
				PRODUCT_BUNDLE_IDENTIFIER = "com.valentin.-29--Using-source-control-in-Xcode-2UITests";
				PRODUCT_NAME = "$(TARGET_NAME)";
				SWIFT_EMIT_LOC_STRINGS = NO;
				SWIFT_VERSION = 5.0;
				TARGETED_DEVICE_FAMILY = "1,2";
				TEST_TARGET_NAME = "229. Using source control in Xcode 2";
			};
			name = Debug;
		};
		FA7B4D8D29AA4D0E0051BDCD /* Release */ = {
			isa = XCBuildConfiguration;
			buildSettings = {
				ALWAYS_EMBED_SWIFT_STANDARD_LIBRARIES = YES;
				CODE_SIGN_STYLE = Automatic;
				CURRENT_PROJECT_VERSION = 1;
				DEVELOPMENT_TEAM = Z4PKJ57KTJ;
				GENERATE_INFOPLIST_FILE = YES;
				MARKETING_VERSION = 1.0;
				PRODUCT_BUNDLE_IDENTIFIER = "com.valentin.-29--Using-source-control-in-Xcode-2UITests";
				PRODUCT_NAME = "$(TARGET_NAME)";
				SWIFT_EMIT_LOC_STRINGS = NO;
				SWIFT_VERSION = 5.0;
				TARGETED_DEVICE_FAMILY = "1,2";
				TEST_TARGET_NAME = "229. Using source control in Xcode 2";
			};
			name = Release;
		};
/* End XCBuildConfiguration section */

/* Begin XCConfigurationList section */
		FA7B4D5329AA4D0C0051BDCD /* Build configuration list for PBXProject "229. Using source control in Xcode 2" */ = {
			isa = XCConfigurationList;
			buildConfigurations = (
				FA7B4D8329AA4D0E0051BDCD /* Debug */,
				FA7B4D8429AA4D0E0051BDCD /* Release */,
			);
			defaultConfigurationIsVisible = 0;
			defaultConfigurationName = Release;
		};
		FA7B4D8529AA4D0E0051BDCD /* Build configuration list for PBXNativeTarget "229. Using source control in Xcode 2" */ = {
			isa = XCConfigurationList;
			buildConfigurations = (
				FA7B4D8629AA4D0E0051BDCD /* Debug */,
				FA7B4D8729AA4D0E0051BDCD /* Release */,
			);
			defaultConfigurationIsVisible = 0;
			defaultConfigurationName = Release;
		};
		FA7B4D8829AA4D0E0051BDCD /* Build configuration list for PBXNativeTarget "229. Using source control in Xcode 2Tests" */ = {
			isa = XCConfigurationList;
			buildConfigurations = (
				FA7B4D8929AA4D0E0051BDCD /* Debug */,
				FA7B4D8A29AA4D0E0051BDCD /* Release */,
			);
			defaultConfigurationIsVisible = 0;
			defaultConfigurationName = Release;
		};
		FA7B4D8B29AA4D0E0051BDCD /* Build configuration list for PBXNativeTarget "229. Using source control in Xcode 2UITests" */ = {
			isa = XCConfigurationList;
			buildConfigurations = (
				FA7B4D8C29AA4D0E0051BDCD /* Debug */,
				FA7B4D8D29AA4D0E0051BDCD /* Release */,
			);
			defaultConfigurationIsVisible = 0;
			defaultConfigurationName = Release;
		};
/* End XCConfigurationList section */

/* Begin XCVersionGroup section */
		FA7B4D6429AA4D0C0051BDCD /* _29__Using_source_control_in_Xcode_2.xcdatamodeld */ = {
			isa = XCVersionGroup;
			children = (
				FA7B4D6529AA4D0C0051BDCD /* _29__Using_source_control_in_Xcode_2.xcdatamodel */,
			);
			currentVersion = FA7B4D6529AA4D0C0051BDCD /* _29__Using_source_control_in_Xcode_2.xcdatamodel */;
			path = _29__Using_source_control_in_Xcode_2.xcdatamodeld;
			sourceTree = "<group>";
			versionGroupType = wrapper.xcdatamodel;
		};
/* End XCVersionGroup section */
	};
	rootObject = FA7B4D5029AA4D0C0051BDCD /* Project object */;
}
